
Microsoft Visual Studio Solution File, Format Version 12.00
# Visual Studio Version 17
VisualStudioVersion = 17.10.35122.118
MinimumVisualStudioVersion = 10.0.40219.1
Project("{9A19103F-16F7-4668-BE54-9A1E7A4F7556}") = "ASP.NET_Homework8", "ASP.NET Core Web Api Crud Operations Homework8\ASP.NET_Homework8.csproj", "{4DC89251-70F0-42EE-9BD0-9D5EDB256588}"
EndProject
Global
	GlobalSection(SolutionConfigurationPlatforms) = preSolution
		Debug|Any CPU = Debug|Any CPU
		Release|Any CPU = Release|Any CPU
	EndGlobalSection
	GlobalSection(ProjectConfigurationPlatforms) = postSolution
		{4DC89251-70F0-42EE-9BD0-9D5EDB256588}.Debug|Any CPU.ActiveCfg = Debug|Any CPU
		{4DC89251-70F0-42EE-9BD0-9D5EDB256588}.Debug|Any CPU.Build.0 = Debug|Any CPU
		{4DC89251-70F0-42EE-9BD0-9D5EDB256588}.Release|Any CPU.ActiveCfg = Release|Any CPU
		{4DC89251-70F0-42EE-9BD0-9D5EDB256588}.Release|Any CPU.Build.0 = Release|Any CPU
	EndGlobalSection
	GlobalSection(SolutionProperties) = preSolution
		HideSolutionNode = FALSE
	EndGlobalSection
	GlobalSection(ExtensibilityGlobals) = postSolution
		SolutionGuid = {A00DADC1-B8C5-45D4-9E4D-21B5E416B377}
	EndGlobalSection
EndGlobal
